
Microsoft Visual Studio Solution File, Format Version 12.00
# Visual Studio 14
VisualStudioVersion = 14.0.25420.1
MinimumVisualStudioVersion = 10.0.40219.1
Project("{FAE04EC0-301F-11D3-BF4B-00C04F79EFBC}") = "UWPWhatsNew", "UWPWhatsNew\UWPWhatsNew.csproj", "{DA3FE209-DB2F-465F-98AC-79F190C0424A}"
EndProject
Project("{FAE04EC0-301F-11D3-BF4B-00C04F79EFBC}") = "UWPWhatsNewExtension", "UWPWhatsNewExtension\UWPWhatsNewExtension.csproj", "{477AA9DE-9C2B-48AF-B60D-C4FD4FDA041C}"
EndProject
Project("{FAE04EC0-301F-11D3-BF4B-00C04F79EFBC}") = "UWPWhatsNewExtensionAppService", "UWPWhatsNewExtensionAppService\UWPWhatsNewExtensionAppService.csproj", "{01BFCF3E-2A62-4D27-B38D-97AF17DF212F}"
EndProject
Global
	GlobalSection(SolutionConfigurationPlatforms) = preSolution
		Debug with lifecycle notifications|Any CPU = Debug with lifecycle notifications|Any CPU
		Debug with lifecycle notifications|ARM = Debug with lifecycle notifications|ARM
		Debug with lifecycle notifications|x64 = Debug with lifecycle notifications|x64
		Debug with lifecycle notifications|x86 = Debug with lifecycle notifications|x86
		Debug|Any CPU = Debug|Any CPU
		Debug|ARM = Debug|ARM
		Debug|x64 = Debug|x64
		Debug|x86 = Debug|x86
		Release|Any CPU = Release|Any CPU
		Release|ARM = Release|ARM
		Release|x64 = Release|x64
		Release|x86 = Release|x86
	EndGlobalSection
	GlobalSection(ProjectConfigurationPlatforms) = postSolution
		{DA3FE209-DB2F-465F-98AC-79F190C0424A}.Debug with lifecycle notifications|Any CPU.ActiveCfg = Debug with lifecycle notifications|x86
		{DA3FE209-DB2F-465F-98AC-79F190C0424A}.Debug with lifecycle notifications|ARM.ActiveCfg = Debug with lifecycle notifications|ARM
		{DA3FE209-DB2F-465F-98AC-79F190C0424A}.Debug with lifecycle notifications|ARM.Build.0 = Debug with lifecycle notifications|ARM
		{DA3FE209-DB2F-465F-98AC-79F190C0424A}.Debug with lifecycle notifications|ARM.Deploy.0 = Debug with lifecycle notifications|ARM
		{DA3FE209-DB2F-465F-98AC-79F190C0424A}.Debug with lifecycle notifications|x64.ActiveCfg = Debug with lifecycle notifications|x64
		{DA3FE209-DB2F-465F-98AC-79F190C0424A}.Debug with lifecycle notifications|x64.Build.0 = Debug with lifecycle notifications|x64
		{DA3FE209-DB2F-465F-98AC-79F190C0424A}.Debug with lifecycle notifications|x64.Deploy.0 = Debug with lifecycle notifications|x64
		{DA3FE209-DB2F-465F-98AC-79F190C0424A}.Debug with lifecycle notifications|x86.ActiveCfg = Debug with lifecycle notifications|x86
		{DA3FE209-DB2F-465F-98AC-79F190C0424A}.Debug with lifecycle notifications|x86.Build.0 = Debug with lifecycle notifications|x86
		{DA3FE209-DB2F-465F-98AC-79F190C0424A}.Debug with lifecycle notifications|x86.Deploy.0 = Debug with lifecycle notifications|x86
		{DA3FE209-DB2F-465F-98AC-79F190C0424A}.Debug|Any CPU.ActiveCfg = Debug|x86
		{DA3FE209-DB2F-465F-98AC-79F190C0424A}.Debug|ARM.ActiveCfg = Debug|ARM
		{DA3FE209-DB2F-465F-98AC-79F190C0424A}.Debug|ARM.Build.0 = Debug|ARM
		{DA3FE209-DB2F-465F-98AC-79F190C0424A}.Debug|ARM.Deploy.0 = Debug|ARM
		{DA3FE209-DB2F-465F-98AC-79F190C0424A}.Debug|x64.ActiveCfg = Debug|x64
		{DA3FE209-DB2F-465F-98AC-79F190C0424A}.Debug|x64.Build.0 = Debug|x64
		{DA3FE209-DB2F-465F-98AC-79F190C0424A}.Debug|x64.Deploy.0 = Debug|x64
		{DA3FE209-DB2F-465F-98AC-79F190C0424A}.Debug|x86.ActiveCfg = Debug|x86
		{DA3FE209-DB2F-465F-98AC-79F190C0424A}.Debug|x86.Build.0 = Debug|x86
		{DA3FE209-DB2F-465F-98AC-79F190C0424A}.Debug|x86.Deploy.0 = Debug|x86
		{DA3FE209-DB2F-465F-98AC-79F190C0424A}.Release|Any CPU.ActiveCfg = Release|x86
		{DA3FE209-DB2F-465F-98AC-79F190C0424A}.Release|ARM.ActiveCfg = Release|ARM
		{DA3FE209-DB2F-465F-98AC-79F190C0424A}.Release|ARM.Build.0 = Release|ARM
		{DA3FE209-DB2F-465F-98AC-79F190C0424A}.Release|ARM.Deploy.0 = Release|ARM
		{DA3FE209-DB2F-465F-98AC-79F190C0424A}.Release|x64.ActiveCfg = Release|x64
		{DA3FE209-DB2F-465F-98AC-79F190C0424A}.Release|x64.Build.0 = Release|x64
		{DA3FE209-DB2F-465F-98AC-79F190C0424A}.Release|x64.Deploy.0 = Release|x64
		{DA3FE209-DB2F-465F-98AC-79F190C0424A}.Release|x86.ActiveCfg = Release|x86
		{DA3FE209-DB2F-465F-98AC-79F190C0424A}.Release|x86.Build.0 = Release|x86
		{DA3FE209-DB2F-465F-98AC-79F190C0424A}.Release|x86.Deploy.0 = Release|x86
		{477AA9DE-9C2B-48AF-B60D-C4FD4FDA041C}.Debug with lifecycle notifications|Any CPU.ActiveCfg = Release|x86
		{477AA9DE-9C2B-48AF-B60D-C4FD4FDA041C}.Debug with lifecycle notifications|Any CPU.Build.0 = Release|x86
		{477AA9DE-9C2B-48AF-B60D-C4FD4FDA041C}.Debug with lifecycle notifications|Any CPU.Deploy.0 = Release|x86
		{477AA9DE-9C2B-48AF-B60D-C4FD4FDA041C}.Debug with lifecycle notifications|ARM.ActiveCfg = Debug|ARM
		{477AA9DE-9C2B-48AF-B60D-C4FD4FDA041C}.Debug with lifecycle notifications|ARM.Build.0 = Debug|ARM
		{477AA9DE-9C2B-48AF-B60D-C4FD4FDA041C}.Debug with lifecycle notifications|ARM.Deploy.0 = Debug|ARM
		{477AA9DE-9C2B-48AF-B60D-C4FD4FDA041C}.Debug with lifecycle notifications|x64.ActiveCfg = Debug|x64
		{477AA9DE-9C2B-48AF-B60D-C4FD4FDA041C}.Debug with lifecycle notifications|x64.Build.0 = Debug|x64
		{477AA9DE-9C2B-48AF-B60D-C4FD4FDA041C}.Debug with lifecycle notifications|x64.Deploy.0 = Debug|x64
		{477AA9DE-9C2B-48AF-B60D-C4FD4FDA041C}.Debug with lifecycle notifications|x86.ActiveCfg = Debug|x86
		{477AA9DE-9C2B-48AF-B60D-C4FD4FDA041C}.Debug with lifecycle notifications|x86.Build.0 = Debug|x86
		{477AA9DE-9C2B-48AF-B60D-C4FD4FDA041C}.Debug with lifecycle notifications|x86.Deploy.0 = Debug|x86
		{477AA9DE-9C2B-48AF-B60D-C4FD4FDA041C}.Debug|Any CPU.ActiveCfg = Debug|x86
		{477AA9DE-9C2B-48AF-B60D-C4FD4FDA041C}.Debug|ARM.ActiveCfg = Debug|ARM
		{477AA9DE-9C2B-48AF-B60D-C4FD4FDA041C}.Debug|ARM.Build.0 = Debug|ARM
		{477AA9DE-9C2B-48AF-B60D-C4FD4FDA041C}.Debug|ARM.Deploy.0 = Debug|ARM
		{477AA9DE-9C2B-48AF-B60D-C4FD4FDA041C}.Debug|x64.ActiveCfg = Debug|x64
		{477AA9DE-9C2B-48AF-B60D-C4FD4FDA041C}.Debug|x64.Build.0 = Debug|x64
		{477AA9DE-9C2B-48AF-B60D-C4FD4FDA041C}.Debug|x64.Deploy.0 = Debug|x64
		{477AA9DE-9C2B-48AF-B60D-C4FD4FDA041C}.Debug|x86.ActiveCfg = Debug|x86
		{477AA9DE-9C2B-48AF-B60D-C4FD4FDA041C}.Debug|x86.Build.0 = Debug|x86
		{477AA9DE-9C2B-48AF-B60D-C4FD4FDA041C}.Debug|x86.Deploy.0 = Debug|x86
		{477AA9DE-9C2B-48AF-B60D-C4FD4FDA041C}.Release|Any CPU.ActiveCfg = Release|x86
		{477AA9DE-9C2B-48AF-B60D-C4FD4FDA041C}.Release|ARM.ActiveCfg = Release|ARM
		{477AA9DE-9C2B-48AF-B60D-C4FD4FDA041C}.Release|ARM.Build.0 = Release|ARM
		{477AA9DE-9C2B-48AF-B60D-C4FD4FDA041C}.Release|ARM.Deploy.0 = Release|ARM
		{477AA9DE-9C2B-48AF-B60D-C4FD4FDA041C}.Release|x64.ActiveCfg = Release|x64
		{477AA9DE-9C2B-48AF-B60D-C4FD4FDA041C}.Release|x64.Build.0 = Release|x64
		{477AA9DE-9C2B-48AF-B60D-C4FD4FDA041C}.Release|x64.Deploy.0 = Release|x64
		{477AA9DE-9C2B-48AF-B60D-C4FD4FDA041C}.Release|x86.ActiveCfg = Release|x86
		{477AA9DE-9C2B-48AF-B60D-C4FD4FDA041C}.Release|x86.Build.0 = Release|x86
		{477AA9DE-9C2B-48AF-B60D-C4FD4FDA041C}.Release|x86.Deploy.0 = Release|x86
		{01BFCF3E-2A62-4D27-B38D-97AF17DF212F}.Debug with lifecycle notifications|Any CPU.ActiveCfg = Debug|Any CPU
		{01BFCF3E-2A62-4D27-B38D-97AF17DF212F}.Debug with lifecycle notifications|Any CPU.Build.0 = Debug|Any CPU
		{01BFCF3E-2A62-4D27-B38D-97AF17DF212F}.Debug with lifecycle notifications|ARM.ActiveCfg = Debug|ARM
		{01BFCF3E-2A62-4D27-B38D-97AF17DF212F}.Debug with lifecycle notifications|ARM.Build.0 = Debug|ARM
		{01BFCF3E-2A62-4D27-B38D-97AF17DF212F}.Debug with lifecycle notifications|x64.ActiveCfg = Debug|x64
		{01BFCF3E-2A62-4D27-B38D-97AF17DF212F}.Debug with lifecycle notifications|x64.Build.0 = Debug|x64
		{01BFCF3E-2A62-4D27-B38D-97AF17DF212F}.Debug with lifecycle notifications|x86.ActiveCfg = Debug|x86
		{01BFCF3E-2A62-4D27-B38D-97AF17DF212F}.Debug with lifecycle notifications|x86.Build.0 = Debug|x86
		{01BFCF3E-2A62-4D27-B38D-97AF17DF212F}.Debug|Any CPU.ActiveCfg = Debug|Any CPU
		{01BFCF3E-2A62-4D27-B38D-97AF17DF212F}.Debug|Any CPU.Build.0 = Debug|Any CPU
		{01BFCF3E-2A62-4D27-B38D-97AF17DF212F}.Debug|ARM.ActiveCfg = Debug|ARM
		{01BFCF3E-2A62-4D27-B38D-97AF17DF212F}.Debug|ARM.Build.0 = Debug|ARM
		{01BFCF3E-2A62-4D27-B38D-97AF17DF212F}.Debug|x64.ActiveCfg = Debug|x64
		{01BFCF3E-2A62-4D27-B38D-97AF17DF212F}.Debug|x64.Build.0 = Debug|x64
		{01BFCF3E-2A62-4D27-B38D-97AF17DF212F}.Debug|x86.ActiveCfg = Debug|x86
		{01BFCF3E-2A62-4D27-B38D-97AF17DF212F}.Debug|x86.Build.0 = Debug|x86
		{01BFCF3E-2A62-4D27-B38D-97AF17DF212F}.Release|Any CPU.ActiveCfg = Release|Any CPU
		{01BFCF3E-2A62-4D27-B38D-97AF17DF212F}.Release|Any CPU.Build.0 = Release|Any CPU
		{01BFCF3E-2A62-4D27-B38D-97AF17DF212F}.Release|ARM.ActiveCfg = Release|ARM
		{01BFCF3E-2A62-4D27-B38D-97AF17DF212F}.Release|ARM.Build.0 = Release|ARM
		{01BFCF3E-2A62-4D27-B38D-97AF17DF212F}.Release|x64.ActiveCfg = Release|x64
		{01BFCF3E-2A62-4D27-B38D-97AF17DF212F}.Release|x64.Build.0 = Release|x64
		{01BFCF3E-2A62-4D27-B38D-97AF17DF212F}.Release|x86.ActiveCfg = Release|x86
		{01BFCF3E-2A62-4D27-B38D-97AF17DF212F}.Release|x86.Build.0 = Release|x86
	EndGlobalSection
	GlobalSection(SolutionProperties) = preSolution
		HideSolutionNode = FALSE
	EndGlobalSection
EndGlobal
